
Microsoft Visual Studio Solution File, Format Version 12.00
# Visual Studio Version 17
VisualStudioVersion = 17.10.35027.167
MinimumVisualStudioVersion = 10.0.40219.1
Project("{FAE04EC0-301F-11D3-BF4B-00C04F79EFBC}") = "PizzeriaS7", "PizzeriaS7.csproj", "{C32A0048-2456-4198-8A83-D5A5A335F584}"
EndProject
Global
	GlobalSection(SolutionConfigurationPlatforms) = preSolution
		Debug|Any CPU = Debug|Any CPU
		Release|Any CPU = Release|Any CPU
	EndGlobalSection
	GlobalSection(ProjectConfigurationPlatforms) = postSolution
		{C32A0048-2456-4198-8A83-D5A5A335F584}.Debug|Any CPU.ActiveCfg = Debug|Any CPU
		{C32A0048-2456-4198-8A83-D5A5A335F584}.Debug|Any CPU.Build.0 = Debug|Any CPU
		{C32A0048-2456-4198-8A83-D5A5A335F584}.Release|Any CPU.ActiveCfg = Release|Any CPU
		{C32A0048-2456-4198-8A83-D5A5A335F584}.Release|Any CPU.Build.0 = Release|Any CPU
	EndGlobalSection
	GlobalSection(SolutionProperties) = preSolution
		HideSolutionNode = FALSE
	EndGlobalSection
	GlobalSection(ExtensibilityGlobals) = postSolution
		SolutionGuid = {60837CF9-E789-4F55-9F6E-D62131CA5C02}
	EndGlobalSection
EndGlobal
